<?xml version="1.0" encoding="utf-8"?>
<Project ToolsVersion="4.0" xmlns="http://schemas.microsoft.com/developer/msbuild/2003">
  <ItemGroup>
    <Filter Include="Source Files">
      <UniqueIdentifier>{4FC737F1-C7A5-4376-A066-2A32D752A2FF}</UniqueIdentifier>
      <Extensions>cpp;c;cc;cxx;def;odl;idl;hpj;bat;asm;asmx</Extensions>
    </Filter>
    <Filter Include="Header Files">
      <UniqueIdentifier>{93995380-89BD-4b04-88EB-625FBE52EBFB}</UniqueIdentifier>
      <Extensions>h;hh;hpp;hxx;hm;inl;inc;xsd</Extensions>
    </Filter>
    <Filter Include="Resource Files">
      <UniqueIdentifier>{67DA6AB6-F800-4c08-8B7A-83BB121AAD01}</UniqueIdentifier>
      <Extensions>rc;ico;cur;bmp;dlg;rc2;rct;bin;rgs;gif;jpg;jpeg;jpe;resx;tiff;tif;png;wav;mfcribbon-ms</Extensions>
    </Filter>
    <Filter Include="IO">
      <UniqueIdentifier>{b42b88d4-f9d0-4920-8944-8f557a345735}</UniqueIdentifier>
    </Filter>
    <Filter Include="Strings">
      <UniqueIdentifier>{10343732-79b0-412e-9007-9dc0f57e93de}</UniqueIdentifier>
    </Filter>
    <Filter Include="Math">
      <UniqueIdentifier>{f6b5c253-3c08-4822-879b-897728e1d5bb}</UniqueIdentifier>
    </Filter>
    <Filter Include="Graph">
      <UniqueIdentifier>{ade2164c-103c-4f2c-9f05-b1b1624185ce}</UniqueIdentifier>
    </Filter>
    <Filter Include="Arrays">
      <UniqueIdentifier>{64fddd16-9f4b-417d-ac12-a416a61c8046}</UniqueIdentifier>
    </Filter>
  </ItemGroup>
  <ItemGroup>
    <ClCompile Include="main.cpp">
      <Filter>Source Files</Filter>
    </ClCompile>
    <ClCompile Include="Prime.cpp">
      <Filter>Math</Filter>
    </ClCompile>
    <ClCompile Include="Intrinsics.cpp">
      <Filter>Math</Filter>
    </ClCompile>
    <ClCompile Include="GCD.cpp">
      <Filter>Math</Filter>
    </ClCompile>
    <ClCompile Include="Bits.cpp">
      <Filter>Math</Filter>
    </ClCompile>
    <ClCompile Include="Misc.cpp">
      <Filter>Math</Filter>
    </ClCompile>
    <ClCompile Include="BigInt.cpp">
      <Filter>Math</Filter>
    </ClCompile>
    <ClCompile Include="Trie.cpp">
      <Filter>Strings</Filter>
    </ClCompile>
    <ClCompile Include="ModularMacros.cpp">
      <Filter>Math</Filter>
    </ClCompile>
    <ClCompile Include="Modular.cpp">
      <Filter>Math</Filter>
    </ClCompile>
    <ClCompile Include="Timer.cpp">
      <Filter>Source Files</Filter>
    </ClCompile>
    <ClCompile Include="mst.cpp">
      <Filter>Graph</Filter>
    </ClCompile>
    <ClCompile Include="Arrays\Inversion.cpp">
      <Filter>Arrays</Filter>
    </ClCompile>
    <ClCompile Include="SubArray.cpp">
      <Filter>Arrays</Filter>
    </ClCompile>
    <ClCompile Include="ConditionallyBoundedArray.cpp">
      <Filter>Arrays</Filter>
    </ClCompile>
    <ClCompile Include="Arrays\Search.cpp">
      <Filter>Arrays</Filter>
    </ClCompile>
    <ClCompile Include="Math\Permutation.cpp">
      <Filter>Math</Filter>
    </ClCompile>
    <ClCompile Include="Sieves.cpp">
      <Filter>Math</Filter>
    </ClCompile>
  </ItemGroup>
  <ItemGroup>
    <Text Include="IO\Enormous Input.cpp">
      <Filter>IO</Filter>
    </Text>
    <Text Include="Strings\Common Strings.cpp">
      <Filter>Strings</Filter>
    </Text>
  </ItemGroup>
</Project>