<?xml version="1.0" encoding="utf-8"?>
<Project ToolsVersion="4.0" xmlns="http://schemas.microsoft.com/developer/msbuild/2003">
  <ItemGroup>
    <Filter Include="Source Files">
      <UniqueIdentifier>{4FC737F1-C7A5-4376-A066-2A32D752A2FF}</UniqueIdentifier>
      <Extensions>cpp;c;cc;cxx;def;odl;idl;hpj;bat;asm;asmx</Extensions>
    </Filter>
    <Filter Include="Header Files">
      <UniqueIdentifier>{93995380-89BD-4b04-88EB-625FBE52EBFB}</UniqueIdentifier>
      <Extensions>h;hh;hpp;hxx;hm;inl;inc;xsd</Extensions>
    </Filter>
    <Filter Include="Resource Files">
      <UniqueIdentifier>{67DA6AB6-F800-4c08-8B7A-83BB121AAD01}</UniqueIdentifier>
      <Extensions>rc;ico;cur;bmp;dlg;rc2;rct;bin;rgs;gif;jpg;jpeg;jpe;resx;tiff;tif;png;wav;mfcribbon-ms</Extensions>
    </Filter>
    <Filter Include="Problems">
      <UniqueIdentifier>{031a010e-81e7-4129-aef8-8e84a8dce2ba}</UniqueIdentifier>
    </Filter>
    <Filter Include="Documents">
      <UniqueIdentifier>{98289f52-c7fb-4721-b7bf-dab278265ad2}</UniqueIdentifier>
    </Filter>
    <Filter Include="Data">
      <UniqueIdentifier>{d63a18fa-1c32-430f-a6c4-8ddf1e611052}</UniqueIdentifier>
    </Filter>
    <Filter Include="Problems\problem001_025">
      <UniqueIdentifier>{d53c1a2e-02e3-42cf-b25d-6f792e877738}</UniqueIdentifier>
    </Filter>
    <Filter Include="Problems\problem026_050">
      <UniqueIdentifier>{3a91ce39-7d01-46b5-9482-5fd1b9fa8a8a}</UniqueIdentifier>
    </Filter>
    <Filter Include="Problems\problem051_075">
      <UniqueIdentifier>{e18afea4-48d5-4992-b4c4-8e56212f9f4e}</UniqueIdentifier>
    </Filter>
    <Filter Include="Problems\problem076_100">
      <UniqueIdentifier>{6ae24fd2-221e-408c-8971-d1cfdac76530}</UniqueIdentifier>
    </Filter>
    <Filter Include="Problems\problem201_225">
      <UniqueIdentifier>{81558925-6995-4df4-bc4d-8672eb8bd2ec}</UniqueIdentifier>
    </Filter>
  </ItemGroup>
  <ItemGroup>
    <None Include="Documents\001_overview.pdf">
      <Filter>Documents</Filter>
    </None>
    <None Include="Documents\002_overview.pdf">
      <Filter>Documents</Filter>
    </None>
    <None Include="Documents\003_overview.pdf">
      <Filter>Documents</Filter>
    </None>
    <None Include="Documents\004_overview.pdf">
      <Filter>Documents</Filter>
    </None>
    <None Include="Documents\005_overview.pdf">
      <Filter>Documents</Filter>
    </None>
    <None Include="Documents\006_overview.pdf">
      <Filter>Documents</Filter>
    </None>
    <None Include="Documents\007_overview.pdf">
      <Filter>Documents</Filter>
    </None>
    <None Include="Documents\009_overview.pdf">
      <Filter>Documents</Filter>
    </None>
    <None Include="Documents\010_overview.pdf">
      <Filter>Documents</Filter>
    </None>
    <None Include="Documents\012_overview.pdf">
      <Filter>Documents</Filter>
    </None>
    <None Include="Documents\021_overview.pdf">
      <Filter>Documents</Filter>
    </None>
    <None Include="Documents\031_overview.pdf">
      <Filter>Documents</Filter>
    </None>
    <None Include="Documents\036_overview.pdf">
      <Filter>Documents</Filter>
    </None>
    <None Include="Documents\053_overview.pdf">
      <Filter>Documents</Filter>
    </None>
    <None Include="Documents\069_overview.pdf">
      <Filter>Documents</Filter>
    </None>
    <None Include="Documents\071_overview.pdf">
      <Filter>Documents</Filter>
    </None>
    <None Include="Documents\072_overview.pdf">
      <Filter>Documents</Filter>
    </None>
    <None Include="Documents\073_overview.pdf">
      <Filter>Documents</Filter>
    </None>
    <None Include="packages.config" />
  </ItemGroup>
  <ItemGroup>
    <Text Include="Data\p022_names.txt">
      <Filter>Data</Filter>
    </Text>
    <Text Include="Data\p042_words.txt">
      <Filter>Data</Filter>
    </Text>
    <Text Include="copying.txt" />
    <Text Include="Data\p054_poker.txt">
      <Filter>Data</Filter>
    </Text>
    <Text Include="Data\p059_cipher.txt">
      <Filter>Data</Filter>
    </Text>
    <Text Include="Problems\problem001_025\Solution001.cpp">
      <Filter>Problems\problem001_025</Filter>
    </Text>
    <Text Include="Problems\problem001_025\Solution002.cpp">
      <Filter>Problems\problem001_025</Filter>
    </Text>
    <Text Include="Problems\problem001_025\Solution003.cpp">
      <Filter>Problems\problem001_025</Filter>
    </Text>
    <Text Include="Problems\problem001_025\Solution004.cpp">
      <Filter>Problems\problem001_025</Filter>
    </Text>
    <Text Include="Problems\problem001_025\Solution005.cpp">
      <Filter>Problems\problem001_025</Filter>
    </Text>
    <Text Include="Problems\problem001_025\Solution006.cpp">
      <Filter>Problems\problem001_025</Filter>
    </Text>
    <Text Include="Problems\problem001_025\Solution007.cpp">
      <Filter>Problems\problem001_025</Filter>
    </Text>
    <Text Include="Problems\problem001_025\Solution008.cpp">
      <Filter>Problems\problem001_025</Filter>
    </Text>
    <Text Include="Problems\problem001_025\Solution009.cpp">
      <Filter>Problems\problem001_025</Filter>
    </Text>
    <Text Include="Problems\problem001_025\Solution010.cpp">
      <Filter>Problems\problem001_025</Filter>
    </Text>
    <Text Include="Problems\problem001_025\Solution011.cpp">
      <Filter>Problems\problem001_025</Filter>
    </Text>
    <Text Include="Problems\problem001_025\Solution012.cpp">
      <Filter>Problems\problem001_025</Filter>
    </Text>
    <Text Include="Problems\problem001_025\Solution013.cpp">
      <Filter>Problems\problem001_025</Filter>
    </Text>
    <Text Include="Problems\problem001_025\Solution014.cpp">
      <Filter>Problems\problem001_025</Filter>
    </Text>
    <Text Include="Problems\problem001_025\Solution015.cpp">
      <Filter>Problems\problem001_025</Filter>
    </Text>
    <Text Include="Problems\problem001_025\Solution016.cpp">
      <Filter>Problems\problem001_025</Filter>
    </Text>
    <Text Include="Problems\problem001_025\Solution017.cpp">
      <Filter>Problems\problem001_025</Filter>
    </Text>
    <Text Include="Problems\problem001_025\Solution018.cpp">
      <Filter>Problems\problem001_025</Filter>
    </Text>
    <Text Include="Problems\problem001_025\Solution020.cpp">
      <Filter>Problems\problem001_025</Filter>
    </Text>
    <Text Include="Problems\problem001_025\Solution021.cpp">
      <Filter>Problems\problem001_025</Filter>
    </Text>
    <Text Include="Problems\problem001_025\Solution022.cpp">
      <Filter>Problems\problem001_025</Filter>
    </Text>
    <Text Include="Problems\problem001_025\Solution023.cpp">
      <Filter>Problems\problem001_025</Filter>
    </Text>
    <Text Include="Problems\problem001_025\Solution024.cpp">
      <Filter>Problems\problem001_025</Filter>
    </Text>
    <Text Include="Problems\problem001_025\Solution025.cpp">
      <Filter>Problems\problem001_025</Filter>
    </Text>
    <Text Include="Problems\problem026_050\Solution026.cpp">
      <Filter>Problems\problem026_050</Filter>
    </Text>
    <Text Include="Problems\problem026_050\Solution027.cpp">
      <Filter>Problems\problem026_050</Filter>
    </Text>
    <Text Include="Problems\problem026_050\Solution028.cpp">
      <Filter>Problems\problem026_050</Filter>
    </Text>
    <Text Include="Problems\problem026_050\Solution029.cpp">
      <Filter>Problems\problem026_050</Filter>
    </Text>
    <Text Include="Problems\problem026_050\Solution030.cpp">
      <Filter>Problems\problem026_050</Filter>
    </Text>
    <Text Include="Problems\problem026_050\Solution031.cpp">
      <Filter>Problems\problem026_050</Filter>
    </Text>
    <Text Include="Problems\problem026_050\Solution032.cpp">
      <Filter>Problems\problem026_050</Filter>
    </Text>
    <Text Include="Problems\problem026_050\Solution033.cpp">
      <Filter>Problems\problem026_050</Filter>
    </Text>
    <Text Include="Problems\problem026_050\Solution034.cpp">
      <Filter>Problems\problem026_050</Filter>
    </Text>
    <Text Include="Problems\problem026_050\Solution035.cpp">
      <Filter>Problems\problem026_050</Filter>
    </Text>
    <Text Include="Problems\problem026_050\Solution036.cpp">
      <Filter>Problems\problem026_050</Filter>
    </Text>
    <Text Include="Problems\problem026_050\Solution037.cpp">
      <Filter>Problems\problem026_050</Filter>
    </Text>
    <Text Include="Problems\problem026_050\Solution038.cpp">
      <Filter>Problems\problem026_050</Filter>
    </Text>
    <Text Include="Problems\problem026_050\Solution039.cpp">
      <Filter>Problems\problem026_050</Filter>
    </Text>
    <Text Include="Problems\problem026_050\Solution040.cpp">
      <Filter>Problems\problem026_050</Filter>
    </Text>
    <Text Include="Problems\problem026_050\Solution041.cpp">
      <Filter>Problems\problem026_050</Filter>
    </Text>
    <Text Include="Problems\problem026_050\Solution042.cpp">
      <Filter>Problems\problem026_050</Filter>
    </Text>
    <Text Include="Problems\problem026_050\Solution043.cpp">
      <Filter>Problems\problem026_050</Filter>
    </Text>
    <Text Include="Problems\problem026_050\Solution044.cpp">
      <Filter>Problems\problem026_050</Filter>
    </Text>
    <Text Include="Problems\problem026_050\Solution045.cpp">
      <Filter>Problems\problem026_050</Filter>
    </Text>
    <Text Include="Problems\problem026_050\Solution046.cpp">
      <Filter>Problems\problem026_050</Filter>
    </Text>
    <Text Include="Problems\problem026_050\Solution047.cpp">
      <Filter>Problems\problem026_050</Filter>
    </Text>
    <Text Include="Problems\problem026_050\Solution048.cpp">
      <Filter>Problems\problem026_050</Filter>
    </Text>
    <Text Include="Problems\problem026_050\Solution049.cpp">
      <Filter>Problems\problem026_050</Filter>
    </Text>
    <Text Include="Problems\problem026_050\Solution050.cpp">
      <Filter>Problems\problem026_050</Filter>
    </Text>
    <Text Include="Problems\problem051_075\Solution051.cpp">
      <Filter>Problems\problem051_075</Filter>
    </Text>
    <Text Include="Problems\problem051_075\Solution052.cpp">
      <Filter>Problems\problem051_075</Filter>
    </Text>
    <Text Include="Problems\problem051_075\Solution053.cpp">
      <Filter>Problems\problem051_075</Filter>
    </Text>
    <Text Include="Problems\problem051_075\Solution054.cpp">
      <Filter>Problems\problem051_075</Filter>
    </Text>
    <Text Include="Problems\problem051_075\Solution055.cpp">
      <Filter>Problems\problem051_075</Filter>
    </Text>
    <Text Include="Problems\problem051_075\Solution056.cpp">
      <Filter>Problems\problem051_075</Filter>
    </Text>
    <Text Include="Problems\problem051_075\Solution057.cpp">
      <Filter>Problems\problem051_075</Filter>
    </Text>
    <Text Include="Problems\problem051_075\Solution058.cpp">
      <Filter>Problems\problem051_075</Filter>
    </Text>
    <Text Include="Problems\problem051_075\Solution059.cpp">
      <Filter>Problems\problem051_075</Filter>
    </Text>
    <Text Include="Problems\problem051_075\Solution060.cpp">
      <Filter>Problems\problem051_075</Filter>
    </Text>
    <Text Include="Problems\problem051_075\Solution061.cpp">
      <Filter>Problems\problem051_075</Filter>
    </Text>
    <Text Include="Problems\problem051_075\Solution062.cpp">
      <Filter>Problems\problem051_075</Filter>
    </Text>
    <Text Include="Problems\problem051_075\Solution063.cpp">
      <Filter>Problems\problem051_075</Filter>
    </Text>
    <Text Include="Problems\problem051_075\Solution064.cpp">
      <Filter>Problems\problem051_075</Filter>
    </Text>
    <Text Include="Problems\problem051_075\Solution065.cpp">
      <Filter>Problems\problem051_075</Filter>
    </Text>
    <Text Include="Problems\problem051_075\Solution066.cpp">
      <Filter>Problems\problem051_075</Filter>
    </Text>
    <Text Include="Problems\problem051_075\Solution068.cpp">
      <Filter>Problems\problem051_075</Filter>
    </Text>
    <Text Include="Problems\problem051_075\Solution069.cpp">
      <Filter>Problems\problem051_075</Filter>
    </Text>
    <Text Include="Problems\problem051_075\Solution070.cpp">
      <Filter>Problems\problem051_075</Filter>
    </Text>
    <Text Include="Problems\problem051_075\Solution071.cpp">
      <Filter>Problems\problem051_075</Filter>
    </Text>
    <Text Include="Problems\problem051_075\Solution072.cpp">
      <Filter>Problems\problem051_075</Filter>
    </Text>
    <Text Include="Problems\problem051_075\Solution073.cpp">
      <Filter>Problems\problem051_075</Filter>
    </Text>
    <Text Include="Problems\problem051_075\Solution074.cpp">
      <Filter>Problems\problem051_075</Filter>
    </Text>
    <Text Include="Problems\problem051_075\Solution075.cpp">
      <Filter>Problems\problem051_075</Filter>
    </Text>
    <Text Include="Problems\problem076_100\Solution076.cpp">
      <Filter>Problems\problem076_100</Filter>
    </Text>
    <Text Include="Problems\problem076_100\Solution085.cpp">
      <Filter>Problems\problem076_100</Filter>
    </Text>
    <Text Include="Problems\problem201_225\Solution206.cpp">
      <Filter>Problems\problem201_225</Filter>
    </Text>
    <Text Include="Problems\problem001_025\Solution019.py">
      <Filter>Problems\problem001_025</Filter>
    </Text>
    <Text Include="Problems\problem001_025\Solution020.py">
      <Filter>Problems\problem001_025</Filter>
    </Text>
    <Text Include="Problems\problem051_075\Solution065.py">
      <Filter>Problems\problem051_075</Filter>
    </Text>
    <Text Include="Problems\problem051_075\Solution066.py">
      <Filter>Problems\problem051_075</Filter>
    </Text>
    <Text Include="Problems\problem076_100\Solution077.cpp">
      <Filter>Problems\problem076_100</Filter>
    </Text>
    <Text Include="Problems\problem076_100\Solution078.cpp">
      <Filter>Problems\problem076_100</Filter>
    </Text>
    <Text Include="Problems\problem076_100\Solution079.cpp">
      <Filter>Problems\problem076_100</Filter>
    </Text>
    <Text Include="Problems\problem076_100\Solution080.py">
      <Filter>Problems\problem076_100</Filter>
    </Text>
    <Text Include="Problems\problem076_100\Solution080.cpp">
      <Filter>Problems\problem076_100</Filter>
    </Text>
    <Text Include="Data\p081_matrix.txt">
      <Filter>Data</Filter>
    </Text>
    <Text Include="Problems\problem076_100\Solution081.cpp">
      <Filter>Problems\problem076_100</Filter>
    </Text>
    <Text Include="Problems\problem076_100\Solution082.cpp">
      <Filter>Problems\problem076_100</Filter>
    </Text>
    <Text Include="Problems\problem076_100\Solution083.cpp">
      <Filter>Problems\problem076_100</Filter>
    </Text>
    <Text Include="Problems\problem076_100\Solution084.cpp">
      <Filter>Problems\problem076_100</Filter>
    </Text>
    <Text Include="Problems\problem076_100\Solution086.cpp">
      <Filter>Problems\problem076_100</Filter>
    </Text>
    <Text Include="Problems\problem076_100\Solution087.cpp">
      <Filter>Problems\problem076_100</Filter>
    </Text>
    <Text Include="Problems\problem076_100\Solution088.cpp">
      <Filter>Problems\problem076_100</Filter>
    </Text>
    <Text Include="Data\p089_roman.txt">
      <Filter>Data</Filter>
    </Text>
    <Text Include="Problems\problem076_100\Solution089.cpp">
      <Filter>Problems\problem076_100</Filter>
    </Text>
    <Text Include="Problems\problem076_100\Solution090.cpp">
      <Filter>Problems\problem076_100</Filter>
    </Text>
    <Text Include="Problems\problem076_100\Solution091.cpp">
      <Filter>Problems\problem076_100</Filter>
    </Text>
    <Text Include="Problems\problem076_100\Solution092.cpp">
      <Filter>Problems\problem076_100</Filter>
    </Text>
    <Text Include="Problems\problem076_100\Solution093.py">
      <Filter>Problems\problem076_100</Filter>
    </Text>
    <Text Include="Problems\problem076_100\Solution094.cpp">
      <Filter>Problems\problem076_100</Filter>
    </Text>
    <Text Include="Problems\problem076_100\Solution095.cpp">
      <Filter>Problems\problem076_100</Filter>
    </Text>
    <Text Include="Data\p098_words.txt">
      <Filter>Data</Filter>
    </Text>
    <Text Include="Problems\problem076_100\Solution098.cpp">
      <Filter>Problems\problem076_100</Filter>
    </Text>
    <Text Include="Data\p096_sudoku.txt">
      <Filter>Data</Filter>
    </Text>
    <Text Include="Problems\problem076_100\Solution096.cpp">
      <Filter>Problems\problem076_100</Filter>
    </Text>
    <Text Include="Problems\problem076_100\Solution097.cpp">
      <Filter>Problems\problem076_100</Filter>
    </Text>
    <Text Include="Data\p099_base_exp.txt">
      <Filter>Data</Filter>
    </Text>
    <Text Include="Problems\problem076_100\Solution099.cpp">
      <Filter>Problems\problem076_100</Filter>
    </Text>
    <Text Include="Problems\problem076_100\Solution100.cpp">
      <Filter>Problems\problem076_100</Filter>
    </Text>
  </ItemGroup>
  <ItemGroup>
    <ClCompile Include="main.cpp">
      <Filter>Source Files</Filter>
    </ClCompile>
  </ItemGroup>
</Project>