<?xml version="1.0" encoding="utf-8"?>
<Project ToolsVersion="4.0" xmlns="http://schemas.microsoft.com/developer/msbuild/2003">
  <ItemGroup>
    <Filter Include="Source Files">
      <UniqueIdentifier>{4FC737F1-C7A5-4376-A066-2A32D752A2FF}</UniqueIdentifier>
      <Extensions>cpp;c;cc;cxx;def;odl;idl;hpj;bat;asm;asmx</Extensions>
    </Filter>
    <Filter Include="Header Files">
      <UniqueIdentifier>{93995380-89BD-4b04-88EB-625FBE52EBFB}</UniqueIdentifier>
      <Extensions>h;hh;hpp;hxx;hm;inl;inc;xsd</Extensions>
    </Filter>
    <Filter Include="Resource Files">
      <UniqueIdentifier>{67DA6AB6-F800-4c08-8B7A-83BB121AAD01}</UniqueIdentifier>
      <Extensions>rc;ico;cur;bmp;dlg;rc2;rct;bin;rgs;gif;jpg;jpeg;jpe;resx;tiff;tif;png;wav;mfcribbon-ms</Extensions>
    </Filter>
    <Filter Include="Problems">
      <UniqueIdentifier>{031a010e-81e7-4129-aef8-8e84a8dce2ba}</UniqueIdentifier>
    </Filter>
    <Filter Include="Documents">
      <UniqueIdentifier>{98289f52-c7fb-4721-b7bf-dab278265ad2}</UniqueIdentifier>
    </Filter>
    <Filter Include="Data">
      <UniqueIdentifier>{d63a18fa-1c32-430f-a6c4-8ddf1e611052}</UniqueIdentifier>
    </Filter>
  </ItemGroup>
  <ItemGroup>
    <None Include="Problems\Solution001.cpp">
      <Filter>Problems</Filter>
    </None>
    <None Include="Documents\001_overview.pdf">
      <Filter>Documents</Filter>
    </None>
    <None Include="Documents\002_overview.pdf">
      <Filter>Documents</Filter>
    </None>
    <None Include="Documents\003_overview.pdf">
      <Filter>Documents</Filter>
    </None>
    <None Include="Documents\004_overview.pdf">
      <Filter>Documents</Filter>
    </None>
    <None Include="Documents\005_overview.pdf">
      <Filter>Documents</Filter>
    </None>
    <None Include="Documents\006_overview.pdf">
      <Filter>Documents</Filter>
    </None>
    <None Include="Documents\007_overview.pdf">
      <Filter>Documents</Filter>
    </None>
    <None Include="Documents\009_overview.pdf">
      <Filter>Documents</Filter>
    </None>
    <None Include="Documents\010_overview.pdf">
      <Filter>Documents</Filter>
    </None>
    <None Include="Documents\012_overview.pdf">
      <Filter>Documents</Filter>
    </None>
    <None Include="Documents\021_overview.pdf">
      <Filter>Documents</Filter>
    </None>
    <None Include="Documents\031_overview.pdf">
      <Filter>Documents</Filter>
    </None>
    <None Include="Documents\036_overview.pdf">
      <Filter>Documents</Filter>
    </None>
    <None Include="Documents\053_overview.pdf">
      <Filter>Documents</Filter>
    </None>
    <None Include="Documents\069_overview.pdf">
      <Filter>Documents</Filter>
    </None>
    <None Include="Problems\Solution020.py">
      <Filter>Problems</Filter>
    </None>
    <None Include="Documents\071_overview.pdf">
      <Filter>Documents</Filter>
    </None>
    <None Include="Documents\072_overview.pdf">
      <Filter>Documents</Filter>
    </None>
    <None Include="Documents\073_overview.pdf">
      <Filter>Documents</Filter>
    </None>
  </ItemGroup>
  <ItemGroup>
    <Text Include="Problems\Solution002.cpp">
      <Filter>Problems</Filter>
    </Text>
    <Text Include="Problems\Solution003.cpp">
      <Filter>Problems</Filter>
    </Text>
    <Text Include="Problems\Solution004.cpp">
      <Filter>Problems</Filter>
    </Text>
    <Text Include="Problems\Solution005.cpp">
      <Filter>Problems</Filter>
    </Text>
    <Text Include="Problems\Solution006.cpp">
      <Filter>Problems</Filter>
    </Text>
    <Text Include="Problems\Solution007.cpp">
      <Filter>Problems</Filter>
    </Text>
    <Text Include="Problems\Solution008.cpp">
      <Filter>Problems</Filter>
    </Text>
    <Text Include="Problems\Solution009.cpp">
      <Filter>Problems</Filter>
    </Text>
    <Text Include="Problems\Solution010.cpp">
      <Filter>Problems</Filter>
    </Text>
    <Text Include="Problems\Solution011.cpp">
      <Filter>Problems</Filter>
    </Text>
    <Text Include="Problems\Solution012.cpp">
      <Filter>Problems</Filter>
    </Text>
    <Text Include="Problems\Solution013.cpp">
      <Filter>Problems</Filter>
    </Text>
    <Text Include="Problems\Solution014.cpp">
      <Filter>Problems</Filter>
    </Text>
    <Text Include="Problems\Solution015.cpp">
      <Filter>Problems</Filter>
    </Text>
    <Text Include="Problems\Solution016.cpp">
      <Filter>Problems</Filter>
    </Text>
    <Text Include="Problems\Solution017.cpp">
      <Filter>Problems</Filter>
    </Text>
    <Text Include="Problems\Solution018.cpp">
      <Filter>Problems</Filter>
    </Text>
    <Text Include="Problems\Solution019.py">
      <Filter>Problems</Filter>
    </Text>
    <Text Include="Problems\Solution020.cpp">
      <Filter>Problems</Filter>
    </Text>
    <Text Include="Data\p022_names.txt">
      <Filter>Data</Filter>
    </Text>
    <Text Include="Problems\Solution022.cpp">
      <Filter>Problems</Filter>
    </Text>
    <Text Include="Problems\Solution021.cpp">
      <Filter>Problems</Filter>
    </Text>
    <Text Include="Problems\Solution023.cpp">
      <Filter>Problems</Filter>
    </Text>
    <Text Include="Problems\Solution024.cpp">
      <Filter>Problems</Filter>
    </Text>
    <Text Include="Problems\Solution025.cpp">
      <Filter>Problems</Filter>
    </Text>
    <Text Include="Problems\Solution026.cpp">
      <Filter>Problems</Filter>
    </Text>
    <Text Include="Problems\Solution027.cpp">
      <Filter>Problems</Filter>
    </Text>
    <Text Include="Problems\Solution028.cpp">
      <Filter>Problems</Filter>
    </Text>
    <Text Include="Problems\Solution029.cpp">
      <Filter>Problems</Filter>
    </Text>
    <Text Include="Problems\Solution060.cpp">
      <Filter>Problems</Filter>
    </Text>
    <Text Include="Problems\Solution061.cpp">
      <Filter>Problems</Filter>
    </Text>
    <Text Include="Problems\Solution064.cpp">
      <Filter>Problems</Filter>
    </Text>
    <Text Include="Problems\Solution066.cpp">
      <Filter>Problems</Filter>
    </Text>
    <Text Include="Problems\Solution070.cpp">
      <Filter>Problems</Filter>
    </Text>
    <Text Include="Problems\Solution071.cpp">
      <Filter>Problems</Filter>
    </Text>
    <Text Include="Problems\Solution072.cpp">
      <Filter>Problems</Filter>
    </Text>
    <Text Include="Problems\Solution073.cpp">
      <Filter>Problems</Filter>
    </Text>
    <Text Include="Problems\Solution085.cpp">
      <Filter>Problems</Filter>
    </Text>
    <Text Include="Problems\Solution206.cpp">
      <Filter>Problems</Filter>
    </Text>
    <Text Include="Problems\Solution030.cpp">
      <Filter>Problems</Filter>
    </Text>
    <Text Include="Problems\Solution031.cpp">
      <Filter>Problems</Filter>
    </Text>
    <Text Include="Problems\Solution032.cpp">
      <Filter>Problems</Filter>
    </Text>
    <Text Include="Problems\Solution033.cpp">
      <Filter>Problems</Filter>
    </Text>
    <Text Include="Problems\Solution034.cpp">
      <Filter>Problems</Filter>
    </Text>
    <Text Include="Problems\Solution035.cpp">
      <Filter>Problems</Filter>
    </Text>
    <Text Include="Problems\Solution036.cpp">
      <Filter>Problems</Filter>
    </Text>
    <Text Include="Problems\Solution037.cpp">
      <Filter>Problems</Filter>
    </Text>
    <Text Include="Problems\Solution038.cpp">
      <Filter>Problems</Filter>
    </Text>
    <Text Include="Problems\Solution039.cpp">
      <Filter>Problems</Filter>
    </Text>
    <Text Include="Problems\Solution040.cpp">
      <Filter>Problems</Filter>
    </Text>
    <Text Include="Data\p042_words.txt">
      <Filter>Data</Filter>
    </Text>
    <Text Include="Problems\Solution042.cpp">
      <Filter>Problems</Filter>
    </Text>
    <Text Include="Problems\Solution041.cpp">
      <Filter>Problems</Filter>
    </Text>
    <Text Include="copying.txt" />
    <Text Include="Problems\Solution043.cpp">
      <Filter>Problems</Filter>
    </Text>
    <Text Include="Problems\Solution044.cpp">
      <Filter>Problems</Filter>
    </Text>
    <Text Include="Problems\Solution045.cpp">
      <Filter>Problems</Filter>
    </Text>
    <Text Include="Problems\Solution046.cpp">
      <Filter>Problems</Filter>
    </Text>
    <Text Include="Problems\Solution047.cpp">
      <Filter>Problems</Filter>
    </Text>
    <Text Include="Problems\Solution048.cpp">
      <Filter>Problems</Filter>
    </Text>
    <Text Include="Problems\Solution049.cpp">
      <Filter>Problems</Filter>
    </Text>
    <Text Include="Problems\Solution050.cpp">
      <Filter>Problems</Filter>
    </Text>
    <Text Include="Problems\Solution051.cpp">
      <Filter>Problems</Filter>
    </Text>
    <Text Include="Problems\Solution052.cpp">
      <Filter>Problems</Filter>
    </Text>
    <Text Include="Problems\Solution053.cpp">
      <Filter>Problems</Filter>
    </Text>
    <Text Include="Data\p054_poker.txt">
      <Filter>Data</Filter>
    </Text>
    <Text Include="Problems\Solution054.cpp">
      <Filter>Problems</Filter>
    </Text>
    <Text Include="Problems\Solution055.cpp">
      <Filter>Problems</Filter>
    </Text>
    <Text Include="Problems\Solution056.cpp">
      <Filter>Problems</Filter>
    </Text>
    <Text Include="Problems\Solution057.cpp">
      <Filter>Problems</Filter>
    </Text>
    <Text Include="Problems\Solution058.cpp">
      <Filter>Problems</Filter>
    </Text>
    <Text Include="Data\p059_cipher.txt">
      <Filter>Data</Filter>
    </Text>
    <Text Include="Problems\Solution059.cpp">
      <Filter>Problems</Filter>
    </Text>
  </ItemGroup>
  <ItemGroup>
    <ClCompile Include="main.cpp">
      <Filter>Source Files</Filter>
    </ClCompile>
  </ItemGroup>
</Project>